
Microsoft Visual Studio Solution File, Format Version 12.00
# Visual Studio 15
VisualStudioVersion = 15.0.26730.8
MinimumVisualStudioVersion = 10.0.40219.1
Project("{FAE04EC0-301F-11D3-BF4B-00C04F79EFBC}") = "SingleResponsibilityPrinciple", "SingleResponsibilityPrinciple\SingleResponsibilityPrinciple.csproj", "{D060FC87-80FD-497B-A7D7-7879349CDC5C}"
EndProject
Project("{FAE04EC0-301F-11D3-BF4B-00C04F79EFBC}") = "Aula2AcoplamentoEEstabilidade", "Aula2AcoplamentoEEstabilidade\Aula2AcoplamentoEEstabilidade.csproj", "{50569565-FD80-474F-BC7C-F053BB917827}"
EndProject
Project("{FAE04EC0-301F-11D3-BF4B-00C04F79EFBC}") = "Aula4Encapsulamento", "Aula4Encapsulamento\Aula4Encapsulamento.csproj", "{503C829A-9287-4824-957F-AD75BA641A3D}"
EndProject
Project("{FAE04EC0-301F-11D3-BF4B-00C04F79EFBC}") = "LiskovSubstitutive Principle", "LiskovSubstitutive Principle\LiskovSubstitutive Principle.csproj", "{7221596B-DB35-4386-980E-650507861C4A}"
EndProject
Global
	GlobalSection(SolutionConfigurationPlatforms) = preSolution
		Debug|Any CPU = Debug|Any CPU
		Release|Any CPU = Release|Any CPU
	EndGlobalSection
	GlobalSection(ProjectConfigurationPlatforms) = postSolution
		{D060FC87-80FD-497B-A7D7-7879349CDC5C}.Debug|Any CPU.ActiveCfg = Debug|Any CPU
		{D060FC87-80FD-497B-A7D7-7879349CDC5C}.Debug|Any CPU.Build.0 = Debug|Any CPU
		{D060FC87-80FD-497B-A7D7-7879349CDC5C}.Release|Any CPU.ActiveCfg = Release|Any CPU
		{D060FC87-80FD-497B-A7D7-7879349CDC5C}.Release|Any CPU.Build.0 = Release|Any CPU
		{50569565-FD80-474F-BC7C-F053BB917827}.Debug|Any CPU.ActiveCfg = Debug|Any CPU
		{50569565-FD80-474F-BC7C-F053BB917827}.Debug|Any CPU.Build.0 = Debug|Any CPU
		{50569565-FD80-474F-BC7C-F053BB917827}.Release|Any CPU.ActiveCfg = Release|Any CPU
		{50569565-FD80-474F-BC7C-F053BB917827}.Release|Any CPU.Build.0 = Release|Any CPU
		{503C829A-9287-4824-957F-AD75BA641A3D}.Debug|Any CPU.ActiveCfg = Debug|Any CPU
		{503C829A-9287-4824-957F-AD75BA641A3D}.Debug|Any CPU.Build.0 = Debug|Any CPU
		{503C829A-9287-4824-957F-AD75BA641A3D}.Release|Any CPU.ActiveCfg = Release|Any CPU
		{503C829A-9287-4824-957F-AD75BA641A3D}.Release|Any CPU.Build.0 = Release|Any CPU
		{7221596B-DB35-4386-980E-650507861C4A}.Debug|Any CPU.ActiveCfg = Debug|Any CPU
		{7221596B-DB35-4386-980E-650507861C4A}.Debug|Any CPU.Build.0 = Debug|Any CPU
		{7221596B-DB35-4386-980E-650507861C4A}.Release|Any CPU.ActiveCfg = Release|Any CPU
		{7221596B-DB35-4386-980E-650507861C4A}.Release|Any CPU.Build.0 = Release|Any CPU
	EndGlobalSection
	GlobalSection(SolutionProperties) = preSolution
		HideSolutionNode = FALSE
	EndGlobalSection
	GlobalSection(ExtensibilityGlobals) = postSolution
		SolutionGuid = {9ECB9127-7D3A-4940-AEE4-D3F40BF06009}
	EndGlobalSection
EndGlobal
